// !$*UTF8*$!
{
	archiveVersion = 1;
	classes = {
	};
	objectVersion = 56;
	objects = {

/* Begin PBXBuildFile section */
		270BFEF429E3A75000850009 /* AppDelegate.swift in Sources */ = {isa = PBXBuildFile; fileRef = 270BFEF329E3A75000850009 /* AppDelegate.swift */; };
		270BFEF629E3A75000850009 /* SceneDelegate.swift in Sources */ = {isa = PBXBuildFile; fileRef = 270BFEF529E3A75000850009 /* SceneDelegate.swift */; };
		270BFEF829E3A75000850009 /* ViewController.swift in Sources */ = {isa = PBXBuildFile; fileRef = 270BFEF729E3A75000850009 /* ViewController.swift */; };
		270BFEFB29E3A75000850009 /* Main.storyboard in Resources */ = {isa = PBXBuildFile; fileRef = 270BFEF929E3A75000850009 /* Main.storyboard */; };
		270BFEFD29E3A75000850009 /* Assets.xcassets in Resources */ = {isa = PBXBuildFile; fileRef = 270BFEFC29E3A75000850009 /* Assets.xcassets */; };
		270BFF0029E3A75000850009 /* LaunchScreen.storyboard in Resources */ = {isa = PBXBuildFile; fileRef = 270BFEFE29E3A75000850009 /* LaunchScreen.storyboard */; };
		270BFF1729E3B32300850009 /* HomePageMain.storyboard in Resources */ = {isa = PBXBuildFile; fileRef = 270BFF1629E3B32300850009 /* HomePageMain.storyboard */; };
		270BFF1929E3B33900850009 /* SharingPageMain.storyboard in Resources */ = {isa = PBXBuildFile; fileRef = 270BFF1829E3B33900850009 /* SharingPageMain.storyboard */; };
		270BFF1B29E3B34C00850009 /* PersonPageMain.storyboard in Resources */ = {isa = PBXBuildFile; fileRef = 270BFF1A29E3B34C00850009 /* PersonPageMain.storyboard */; };
		270BFF2629E3D69000850009 /* ObserveMenuProtocol.swift in Sources */ = {isa = PBXBuildFile; fileRef = 270BFF2529E3D69000850009 /* ObserveMenuProtocol.swift */; };
		270BFF2829E3D88400850009 /* HomePageViewController.swift in Sources */ = {isa = PBXBuildFile; fileRef = 270BFF2729E3D88400850009 /* HomePageViewController.swift */; };
		270BFF2A29E3DA4900850009 /* HorizontalMenuButton.swift in Sources */ = {isa = PBXBuildFile; fileRef = 270BFF2929E3DA4900850009 /* HorizontalMenuButton.swift */; };
		270BFF2C29E4018D00850009 /* HorizontalMenuBarComponent.swift in Sources */ = {isa = PBXBuildFile; fileRef = 270BFF2B29E4018D00850009 /* HorizontalMenuBarComponent.swift */; };
		270BFF2F29E42C7700850009 /* TagBean.swift in Sources */ = {isa = PBXBuildFile; fileRef = 270BFF2E29E42C7700850009 /* TagBean.swift */; };
		270BFF3129E42D7000850009 /* TagManager.swift in Sources */ = {isa = PBXBuildFile; fileRef = 270BFF3029E42D7000850009 /* TagManager.swift */; };
		270BFF3429E4443600850009 /* TagBoxTableViewController.swift in Sources */ = {isa = PBXBuildFile; fileRef = 270BFF3329E4443600850009 /* TagBoxTableViewController.swift */; };
		272C806229E44B8C004924F7 /* AddTagPageViewController.swift in Sources */ = {isa = PBXBuildFile; fileRef = 272C806129E44B8C004924F7 /* AddTagPageViewController.swift */; };
		274F9D4929E57FBC000E174D /* ExploreComponent.swift in Sources */ = {isa = PBXBuildFile; fileRef = 274F9D4629E57FBC000E174D /* ExploreComponent.swift */; };
		274F9D4A29E57FBC000E174D /* CardFactory.swift in Sources */ = {isa = PBXBuildFile; fileRef = 274F9D4729E57FBC000E174D /* CardFactory.swift */; };
		274F9D4B29E57FBC000E174D /* CardView.swift in Sources */ = {isa = PBXBuildFile; fileRef = 274F9D4829E57FBC000E174D /* CardView.swift */; };
		275E432129FD5B9100A5916D /* DetailViewController.swift in Sources */ = {isa = PBXBuildFile; fileRef = 275E432029FD5B9100A5916D /* DetailViewController.swift */; };
		276355C829F51DDD006046AA /* GoogleService-Info.plist in Resources */ = {isa = PBXBuildFile; fileRef = 276355C729F51DDD006046AA /* GoogleService-Info.plist */; };
		276355CD29F539B7006046AA /* FirebaseAuth in Frameworks */ = {isa = PBXBuildFile; productRef = 276355CC29F539B7006046AA /* FirebaseAuth */; };
		276355CF29F539B7006046AA /* FirebaseFirestore in Frameworks */ = {isa = PBXBuildFile; productRef = 276355CE29F539B7006046AA /* FirebaseFirestore */; };
		276355D129F539B7006046AA /* FirebaseFirestoreSwift in Frameworks */ = {isa = PBXBuildFile; productRef = 276355D029F539B7006046AA /* FirebaseFirestoreSwift */; };
		276355D329F539B7006046AA /* FirebaseStorage in Frameworks */ = {isa = PBXBuildFile; productRef = 276355D229F539B7006046AA /* FirebaseStorage */; };
		276355D529F53A72006046AA /* MulticastDelegate.swift in Sources */ = {isa = PBXBuildFile; fileRef = 276355D429F53A71006046AA /* MulticastDelegate.swift */; };
		276355D729F5505A006046AA /* User.swift in Sources */ = {isa = PBXBuildFile; fileRef = 276355D629F5505A006046AA /* User.swift */; };
		276355D929F5542B006046AA /* Post.swift in Sources */ = {isa = PBXBuildFile; fileRef = 276355D829F5542B006046AA /* Post.swift */; };
		276ECF8429F6CF9E005101B9 /* DatabaseProtocol.swift in Sources */ = {isa = PBXBuildFile; fileRef = 276ECF8329F6CF9E005101B9 /* DatabaseProtocol.swift */; };
		276ECF8629F6D5A0005101B9 /* Card.swift in Sources */ = {isa = PBXBuildFile; fileRef = 276ECF8529F6D5A0005101B9 /* Card.swift */; };
		276ECF8829F6D5FB005101B9 /* Tag.swift in Sources */ = {isa = PBXBuildFile; fileRef = 276ECF8729F6D5FB005101B9 /* Tag.swift */; };
		276ECF8A29F6D719005101B9 /* FirebaseController.swift in Sources */ = {isa = PBXBuildFile; fileRef = 276ECF8929F6D719005101B9 /* FirebaseController.swift */; };
/* End PBXBuildFile section */

/* Begin PBXFileReference section */
		270BFEF029E3A75000850009 /* CommunityOfInterestApp.app */ = {isa = PBXFileReference; explicitFileType = wrapper.application; includeInIndex = 0; path = CommunityOfInterestApp.app; sourceTree = BUILT_PRODUCTS_DIR; };
		270BFEF329E3A75000850009 /* AppDelegate.swift */ = {isa = PBXFileReference; lastKnownFileType = sourcecode.swift; path = AppDelegate.swift; sourceTree = "<group>"; };
		270BFEF529E3A75000850009 /* SceneDelegate.swift */ = {isa = PBXFileReference; lastKnownFileType = sourcecode.swift; path = SceneDelegate.swift; sourceTree = "<group>"; };
		270BFEF729E3A75000850009 /* ViewController.swift */ = {isa = PBXFileReference; lastKnownFileType = sourcecode.swift; path = ViewController.swift; sourceTree = "<group>"; };
		270BFEFA29E3A75000850009 /* Base */ = {isa = PBXFileReference; lastKnownFileType = file.storyboard; name = Base; path = Base.lproj/Main.storyboard; sourceTree = "<group>"; };
		270BFEFC29E3A75000850009 /* Assets.xcassets */ = {isa = PBXFileReference; lastKnownFileType = folder.assetcatalog; path = Assets.xcassets; sourceTree = "<group>"; };
		270BFEFF29E3A75000850009 /* Base */ = {isa = PBXFileReference; lastKnownFileType = file.storyboard; name = Base; path = Base.lproj/LaunchScreen.storyboard; sourceTree = "<group>"; };
		270BFF0129E3A75000850009 /* Info.plist */ = {isa = PBXFileReference; lastKnownFileType = text.plist.xml; path = Info.plist; sourceTree = "<group>"; };
		270BFF1629E3B32300850009 /* HomePageMain.storyboard */ = {isa = PBXFileReference; fileEncoding = 4; lastKnownFileType = file.storyboard; path = HomePageMain.storyboard; sourceTree = "<group>"; };
		270BFF1829E3B33900850009 /* SharingPageMain.storyboard */ = {isa = PBXFileReference; fileEncoding = 4; lastKnownFileType = file.storyboard; path = SharingPageMain.storyboard; sourceTree = "<group>"; };
		270BFF1A29E3B34C00850009 /* PersonPageMain.storyboard */ = {isa = PBXFileReference; fileEncoding = 4; lastKnownFileType = file.storyboard; path = PersonPageMain.storyboard; sourceTree = "<group>"; };
		270BFF2529E3D69000850009 /* ObserveMenuProtocol.swift */ = {isa = PBXFileReference; lastKnownFileType = sourcecode.swift; path = ObserveMenuProtocol.swift; sourceTree = "<group>"; };
		270BFF2729E3D88400850009 /* HomePageViewController.swift */ = {isa = PBXFileReference; lastKnownFileType = sourcecode.swift; path = HomePageViewController.swift; sourceTree = "<group>"; };
		270BFF2929E3DA4900850009 /* HorizontalMenuButton.swift */ = {isa = PBXFileReference; lastKnownFileType = sourcecode.swift; path = HorizontalMenuButton.swift; sourceTree = "<group>"; };
		270BFF2B29E4018D00850009 /* HorizontalMenuBarComponent.swift */ = {isa = PBXFileReference; lastKnownFileType = sourcecode.swift; path = HorizontalMenuBarComponent.swift; sourceTree = "<group>"; };
		270BFF2E29E42C7700850009 /* TagBean.swift */ = {isa = PBXFileReference; lastKnownFileType = sourcecode.swift; path = TagBean.swift; sourceTree = "<group>"; };
		270BFF3029E42D7000850009 /* TagManager.swift */ = {isa = PBXFileReference; lastKnownFileType = sourcecode.swift; path = TagManager.swift; sourceTree = "<group>"; };
		270BFF3329E4443600850009 /* TagBoxTableViewController.swift */ = {isa = PBXFileReference; lastKnownFileType = sourcecode.swift; path = TagBoxTableViewController.swift; sourceTree = "<group>"; };
		272C806129E44B8C004924F7 /* AddTagPageViewController.swift */ = {isa = PBXFileReference; lastKnownFileType = sourcecode.swift; path = AddTagPageViewController.swift; sourceTree = "<group>"; };
		274F9D4629E57FBC000E174D /* ExploreComponent.swift */ = {isa = PBXFileReference; fileEncoding = 4; lastKnownFileType = sourcecode.swift; path = ExploreComponent.swift; sourceTree = "<group>"; };
		274F9D4729E57FBC000E174D /* CardFactory.swift */ = {isa = PBXFileReference; fileEncoding = 4; lastKnownFileType = sourcecode.swift; path = CardFactory.swift; sourceTree = "<group>"; };
		274F9D4829E57FBC000E174D /* CardView.swift */ = {isa = PBXFileReference; fileEncoding = 4; lastKnownFileType = sourcecode.swift; path = CardView.swift; sourceTree = "<group>"; };
		275E432029FD5B9100A5916D /* DetailViewController.swift */ = {isa = PBXFileReference; lastKnownFileType = sourcecode.swift; path = DetailViewController.swift; sourceTree = "<group>"; };
		276355C729F51DDD006046AA /* GoogleService-Info.plist */ = {isa = PBXFileReference; fileEncoding = 4; lastKnownFileType = text.plist.xml; path = "GoogleService-Info.plist"; sourceTree = "<group>"; };
		276355D429F53A71006046AA /* MulticastDelegate.swift */ = {isa = PBXFileReference; fileEncoding = 4; lastKnownFileType = sourcecode.swift; path = MulticastDelegate.swift; sourceTree = "<group>"; };
		276355D629F5505A006046AA /* User.swift */ = {isa = PBXFileReference; lastKnownFileType = sourcecode.swift; path = User.swift; sourceTree = "<group>"; };
		276355D829F5542B006046AA /* Post.swift */ = {isa = PBXFileReference; lastKnownFileType = sourcecode.swift; path = Post.swift; sourceTree = "<group>"; };
		276ECF8329F6CF9E005101B9 /* DatabaseProtocol.swift */ = {isa = PBXFileReference; lastKnownFileType = sourcecode.swift; path = DatabaseProtocol.swift; sourceTree = "<group>"; };
		276ECF8529F6D5A0005101B9 /* Card.swift */ = {isa = PBXFileReference; lastKnownFileType = sourcecode.swift; path = Card.swift; sourceTree = "<group>"; };
		276ECF8729F6D5FB005101B9 /* Tag.swift */ = {isa = PBXFileReference; lastKnownFileType = sourcecode.swift; path = Tag.swift; sourceTree = "<group>"; };
		276ECF8929F6D719005101B9 /* FirebaseController.swift */ = {isa = PBXFileReference; lastKnownFileType = sourcecode.swift; path = FirebaseController.swift; sourceTree = "<group>"; };
/* End PBXFileReference section */

/* Begin PBXFrameworksBuildPhase section */
		270BFEED29E3A75000850009 /* Frameworks */ = {
			isa = PBXFrameworksBuildPhase;
			buildActionMask = 2147483647;
			files = (
				276355CD29F539B7006046AA /* FirebaseAuth in Frameworks */,
				276355D329F539B7006046AA /* FirebaseStorage in Frameworks */,
				276355CF29F539B7006046AA /* FirebaseFirestore in Frameworks */,
				276355D129F539B7006046AA /* FirebaseFirestoreSwift in Frameworks */,
			);
			runOnlyForDeploymentPostprocessing = 0;
		};
/* End PBXFrameworksBuildPhase section */

/* Begin PBXGroup section */
		270BFEE729E3A75000850009 = {
			isa = PBXGroup;
			children = (
				270BFEF229E3A75000850009 /* CommunityOfInterestApp */,
				270BFEF129E3A75000850009 /* Products */,
			);
			sourceTree = "<group>";
		};
		270BFEF129E3A75000850009 /* Products */ = {
			isa = PBXGroup;
			children = (
				270BFEF029E3A75000850009 /* CommunityOfInterestApp.app */,
			);
			name = Products;
			sourceTree = "<group>";
		};
		270BFEF229E3A75000850009 /* CommunityOfInterestApp */ = {
			isa = PBXGroup;
			children = (
				276355CA29F537C9006046AA /* Database */,
				276355C929F537BA006046AA /* DataModel */,
				276355C729F51DDD006046AA /* GoogleService-Info.plist */,
				270BFF1529E3B2FA00850009 /* PersonPage */,
				270BFF1429E3B2F200850009 /* SharingPage */,
				270BFF1329E3B2EA00850009 /* HomePage */,
				270BFEF329E3A75000850009 /* AppDelegate.swift */,
				270BFEF529E3A75000850009 /* SceneDelegate.swift */,
				270BFEF729E3A75000850009 /* ViewController.swift */,
				270BFEF929E3A75000850009 /* Main.storyboard */,
				270BFEFC29E3A75000850009 /* Assets.xcassets */,
				270BFEFE29E3A75000850009 /* LaunchScreen.storyboard */,
				270BFF0129E3A75000850009 /* Info.plist */,
			);
			path = CommunityOfInterestApp;
			sourceTree = "<group>";
		};
		270BFF1329E3B2EA00850009 /* HomePage */ = {
			isa = PBXGroup;
			children = (
				275E431F29FD5B6600A5916D /* DetailPage */,
				274F9D4529E57F88000E174D /* ExploreComponent */,
				270BFF3229E4441200850009 /* TagPage */,
				270BFF2D29E42BB800850009 /* TagComponent */,
				270BFF2429E3D64200850009 /* HorizontalMenuBar */,
				270BFF1629E3B32300850009 /* HomePageMain.storyboard */,
				270BFF2729E3D88400850009 /* HomePageViewController.swift */,
			);
			path = HomePage;
			sourceTree = "<group>";
		};
		270BFF1429E3B2F200850009 /* SharingPage */ = {
			isa = PBXGroup;
			children = (
				270BFF1829E3B33900850009 /* SharingPageMain.storyboard */,
			);
			path = SharingPage;
			sourceTree = "<group>";
		};
		270BFF1529E3B2FA00850009 /* PersonPage */ = {
			isa = PBXGroup;
			children = (
				270BFF1A29E3B34C00850009 /* PersonPageMain.storyboard */,
			);
			path = PersonPage;
			sourceTree = "<group>";
		};
		270BFF2429E3D64200850009 /* HorizontalMenuBar */ = {
			isa = PBXGroup;
			children = (
				270BFF2529E3D69000850009 /* ObserveMenuProtocol.swift */,
				270BFF2929E3DA4900850009 /* HorizontalMenuButton.swift */,
				270BFF2B29E4018D00850009 /* HorizontalMenuBarComponent.swift */,
			);
			path = HorizontalMenuBar;
			sourceTree = "<group>";
		};
		270BFF2D29E42BB800850009 /* TagComponent */ = {
			isa = PBXGroup;
			children = (
				270BFF2E29E42C7700850009 /* TagBean.swift */,
				270BFF3029E42D7000850009 /* TagManager.swift */,
			);
			path = TagComponent;
			sourceTree = "<group>";
		};
		270BFF3229E4441200850009 /* TagPage */ = {
			isa = PBXGroup;
			children = (
				270BFF3329E4443600850009 /* TagBoxTableViewController.swift */,
				272C806129E44B8C004924F7 /* AddTagPageViewController.swift */,
			);
			path = TagPage;
			sourceTree = "<group>";
		};
		274F9D4529E57F88000E174D /* ExploreComponent */ = {
			isa = PBXGroup;
			children = (
				274F9D4729E57FBC000E174D /* CardFactory.swift */,
				274F9D4829E57FBC000E174D /* CardView.swift */,
				274F9D4629E57FBC000E174D /* ExploreComponent.swift */,
			);
			path = ExploreComponent;
			sourceTree = "<group>";
		};
		275E431F29FD5B6600A5916D /* DetailPage */ = {
			isa = PBXGroup;
			children = (
				275E432029FD5B9100A5916D /* DetailViewController.swift */,
			);
			path = DetailPage;
			sourceTree = "<group>";
		};
		276355C929F537BA006046AA /* DataModel */ = {
			isa = PBXGroup;
			children = (
				276355D629F5505A006046AA /* User.swift */,
				276355D829F5542B006046AA /* Post.swift */,
				276ECF8529F6D5A0005101B9 /* Card.swift */,
				276ECF8729F6D5FB005101B9 /* Tag.swift */,
			);
			path = DataModel;
			sourceTree = "<group>";
		};
		276355CA29F537C9006046AA /* Database */ = {
			isa = PBXGroup;
			children = (
				276355D429F53A71006046AA /* MulticastDelegate.swift */,
				276ECF8329F6CF9E005101B9 /* DatabaseProtocol.swift */,
				276ECF8929F6D719005101B9 /* FirebaseController.swift */,
			);
			path = Database;
			sourceTree = "<group>";
		};
/* End PBXGroup section */

/* Begin PBXNativeTarget section */
		270BFEEF29E3A75000850009 /* CommunityOfInterestApp */ = {
			isa = PBXNativeTarget;
			buildConfigurationList = 270BFF0429E3A75000850009 /* Build configuration list for PBXNativeTarget "CommunityOfInterestApp" */;
			buildPhases = (
				270BFEEC29E3A75000850009 /* Sources */,
				270BFEED29E3A75000850009 /* Frameworks */,
				270BFEEE29E3A75000850009 /* Resources */,
			);
			buildRules = (
			);
			dependencies = (
			);
			name = CommunityOfInterestApp;
			packageProductDependencies = (
				276355CC29F539B7006046AA /* FirebaseAuth */,
				276355CE29F539B7006046AA /* FirebaseFirestore */,
				276355D029F539B7006046AA /* FirebaseFirestoreSwift */,
				276355D229F539B7006046AA /* FirebaseStorage */,
			);
			productName = CommunityOfInterestApp;
			productReference = 270BFEF029E3A75000850009 /* CommunityOfInterestApp.app */;
			productType = "com.apple.product-type.application";
		};
/* End PBXNativeTarget section */

/* Begin PBXProject section */
		270BFEE829E3A75000850009 /* Project object */ = {
			isa = PBXProject;
			attributes = {
				BuildIndependentTargetsInParallel = 1;
				LastSwiftUpdateCheck = 1420;
				LastUpgradeCheck = 1420;
				TargetAttributes = {
					270BFEEF29E3A75000850009 = {
						CreatedOnToolsVersion = 14.2;
					};
				};
			};
			buildConfigurationList = 270BFEEB29E3A75000850009 /* Build configuration list for PBXProject "CommunityOfInterestApp" */;
			compatibilityVersion = "Xcode 14.0";
			developmentRegion = en;
			hasScannedForEncodings = 0;
			knownRegions = (
				en,
				Base,
			);
			mainGroup = 270BFEE729E3A75000850009;
			packageReferences = (
				276355CB29F539B7006046AA /* XCRemoteSwiftPackageReference "firebase-ios-sdk" */,
			);
			productRefGroup = 270BFEF129E3A75000850009 /* Products */;
			projectDirPath = "";
			projectRoot = "";
			targets = (
				270BFEEF29E3A75000850009 /* CommunityOfInterestApp */,
			);
		};
/* End PBXProject section */

/* Begin PBXResourcesBuildPhase section */
		270BFEEE29E3A75000850009 /* Resources */ = {
			isa = PBXResourcesBuildPhase;
			buildActionMask = 2147483647;
			files = (
				270BFF1929E3B33900850009 /* SharingPageMain.storyboard in Resources */,
				270BFF1B29E3B34C00850009 /* PersonPageMain.storyboard in Resources */,
				270BFF0029E3A75000850009 /* LaunchScreen.storyboard in Resources */,
				270BFF1729E3B32300850009 /* HomePageMain.storyboard in Resources */,
				270BFEFD29E3A75000850009 /* Assets.xcassets in Resources */,
				270BFEFB29E3A75000850009 /* Main.storyboard in Resources */,
				276355C829F51DDD006046AA /* GoogleService-Info.plist in Resources */,
			);
			runOnlyForDeploymentPostprocessing = 0;
		};
/* End PBXResourcesBuildPhase section */

/* Begin PBXSourcesBuildPhase section */
		270BFEEC29E3A75000850009 /* Sources */ = {
			isa = PBXSourcesBuildPhase;
			buildActionMask = 2147483647;
			files = (
				274F9D4B29E57FBC000E174D /* CardView.swift in Sources */,
				270BFF2C29E4018D00850009 /* HorizontalMenuBarComponent.swift in Sources */,
				276ECF8629F6D5A0005101B9 /* Card.swift in Sources */,
				276355D529F53A72006046AA /* MulticastDelegate.swift in Sources */,
				270BFEF829E3A75000850009 /* ViewController.swift in Sources */,
				276355D929F5542B006046AA /* Post.swift in Sources */,
				276355D729F5505A006046AA /* User.swift in Sources */,
				270BFF2F29E42C7700850009 /* TagBean.swift in Sources */,
				274F9D4929E57FBC000E174D /* ExploreComponent.swift in Sources */,
				276ECF8429F6CF9E005101B9 /* DatabaseProtocol.swift in Sources */,
				274F9D4A29E57FBC000E174D /* CardFactory.swift in Sources */,
				275E432129FD5B9100A5916D /* DetailViewController.swift in Sources */,
				272C806229E44B8C004924F7 /* AddTagPageViewController.swift in Sources */,
				276ECF8829F6D5FB005101B9 /* Tag.swift in Sources */,
				270BFF2629E3D69000850009 /* ObserveMenuProtocol.swift in Sources */,
				270BFF3129E42D7000850009 /* TagManager.swift in Sources */,
				276ECF8A29F6D719005101B9 /* FirebaseController.swift in Sources */,
				270BFEF429E3A75000850009 /* AppDelegate.swift in Sources */,
				270BFF3429E4443600850009 /* TagBoxTableViewController.swift in Sources */,
				270BFF2829E3D88400850009 /* HomePageViewController.swift in Sources */,
				270BFF2A29E3DA4900850009 /* HorizontalMenuButton.swift in Sources */,
				270BFEF629E3A75000850009 /* SceneDelegate.swift in Sources */,
			);
			runOnlyForDeploymentPostprocessing = 0;
		};
/* End PBXSourcesBuildPhase section */

/* Begin PBXVariantGroup section */
		270BFEF929E3A75000850009 /* Main.storyboard */ = {
			isa = PBXVariantGroup;
			children = (
				270BFEFA29E3A75000850009 /* Base */,
			);
			name = Main.storyboard;
			sourceTree = "<group>";
		};
		270BFEFE29E3A75000850009 /* LaunchScreen.storyboard */ = {
			isa = PBXVariantGroup;
			children = (
				270BFEFF29E3A75000850009 /* Base */,
			);
			name = LaunchScreen.storyboard;
			sourceTree = "<group>";
		};
/* End PBXVariantGroup section */

/* Begin XCBuildConfiguration section */
		270BFF0229E3A75000850009 /* Debug */ = {
			isa = XCBuildConfiguration;
			buildSettings = {
				ALWAYS_SEARCH_USER_PATHS = NO;
				CLANG_ANALYZER_NONNULL = YES;
				CLANG_ANALYZER_NUMBER_OBJECT_CONVERSION = YES_AGGRESSIVE;
				CLANG_CXX_LANGUAGE_STANDARD = "gnu++20";
				CLANG_ENABLE_MODULES = YES;
				CLANG_ENABLE_OBJC_ARC = YES;
				CLANG_ENABLE_OBJC_WEAK = YES;
				CLANG_WARN_BLOCK_CAPTURE_AUTORELEASING = YES;
				CLANG_WARN_BOOL_CONVERSION = YES;
				CLANG_WARN_COMMA = YES;
				CLANG_WARN_CONSTANT_CONVERSION = YES;
				CLANG_WARN_DEPRECATED_OBJC_IMPLEMENTATIONS = YES;
				CLANG_WARN_DIRECT_OBJC_ISA_USAGE = YES_ERROR;
				CLANG_WARN_DOCUMENTATION_COMMENTS = YES;
				CLANG_WARN_EMPTY_BODY = YES;
				CLANG_WARN_ENUM_CONVERSION = YES;
				CLANG_WARN_INFINITE_RECURSION = YES;
				CLANG_WARN_INT_CONVERSION = YES;
				CLANG_WARN_NON_LITERAL_NULL_CONVERSION = YES;
				CLANG_WARN_OBJC_IMPLICIT_RETAIN_SELF = YES;
				CLANG_WARN_OBJC_LITERAL_CONVERSION = YES;
				CLANG_WARN_OBJC_ROOT_CLASS = YES_ERROR;
				CLANG_WARN_QUOTED_INCLUDE_IN_FRAMEWORK_HEADER = YES;
				CLANG_WARN_RANGE_LOOP_ANALYSIS = YES;
				CLANG_WARN_STRICT_PROTOTYPES = YES;
				CLANG_WARN_SUSPICIOUS_MOVE = YES;
				CLANG_WARN_UNGUARDED_AVAILABILITY = YES_AGGRESSIVE;
				CLANG_WARN_UNREACHABLE_CODE = YES;
				CLANG_WARN__DUPLICATE_METHOD_MATCH = YES;
				COPY_PHASE_STRIP = NO;
				DEBUG_INFORMATION_FORMAT = dwarf;
				ENABLE_STRICT_OBJC_MSGSEND = YES;
				ENABLE_TESTABILITY = YES;
				GCC_C_LANGUAGE_STANDARD = gnu11;
				GCC_DYNAMIC_NO_PIC = NO;
				GCC_NO_COMMON_BLOCKS = YES;
				GCC_OPTIMIZATION_LEVEL = 0;
				GCC_PREPROCESSOR_DEFINITIONS = (
					"DEBUG=1",
					"$(inherited)",
				);
				GCC_WARN_64_TO_32_BIT_CONVERSION = YES;
				GCC_WARN_ABOUT_RETURN_TYPE = YES_ERROR;
				GCC_WARN_UNDECLARED_SELECTOR = YES;
				GCC_WARN_UNINITIALIZED_AUTOS = YES_AGGRESSIVE;
				GCC_WARN_UNUSED_FUNCTION = YES;
				GCC_WARN_UNUSED_VARIABLE = YES;
				IPHONEOS_DEPLOYMENT_TARGET = 16.2;
				MTL_ENABLE_DEBUG_INFO = INCLUDE_SOURCE;
				MTL_FAST_MATH = YES;
				ONLY_ACTIVE_ARCH = YES;
				SDKROOT = iphoneos;
				SWIFT_ACTIVE_COMPILATION_CONDITIONS = DEBUG;
				SWIFT_OPTIMIZATION_LEVEL = "-Onone";
			};
			name = Debug;
		};
		270BFF0329E3A75000850009 /* Release */ = {
			isa = XCBuildConfiguration;
			buildSettings = {
				ALWAYS_SEARCH_USER_PATHS = NO;
				CLANG_ANALYZER_NONNULL = YES;
				CLANG_ANALYZER_NUMBER_OBJECT_CONVERSION = YES_AGGRESSIVE;
				CLANG_CXX_LANGUAGE_STANDARD = "gnu++20";
				CLANG_ENABLE_MODULES = YES;
				CLANG_ENABLE_OBJC_ARC = YES;
				CLANG_ENABLE_OBJC_WEAK = YES;
				CLANG_WARN_BLOCK_CAPTURE_AUTORELEASING = YES;
				CLANG_WARN_BOOL_CONVERSION = YES;
				CLANG_WARN_COMMA = YES;
				CLANG_WARN_CONSTANT_CONVERSION = YES;
				CLANG_WARN_DEPRECATED_OBJC_IMPLEMENTATIONS = YES;
				CLANG_WARN_DIRECT_OBJC_ISA_USAGE = YES_ERROR;
				CLANG_WARN_DOCUMENTATION_COMMENTS = YES;
				CLANG_WARN_EMPTY_BODY = YES;
				CLANG_WARN_ENUM_CONVERSION = YES;
				CLANG_WARN_INFINITE_RECURSION = YES;
				CLANG_WARN_INT_CONVERSION = YES;
				CLANG_WARN_NON_LITERAL_NULL_CONVERSION = YES;
				CLANG_WARN_OBJC_IMPLICIT_RETAIN_SELF = YES;
				CLANG_WARN_OBJC_LITERAL_CONVERSION = YES;
				CLANG_WARN_OBJC_ROOT_CLASS = YES_ERROR;
				CLANG_WARN_QUOTED_INCLUDE_IN_FRAMEWORK_HEADER = YES;
				CLANG_WARN_RANGE_LOOP_ANALYSIS = YES;
				CLANG_WARN_STRICT_PROTOTYPES = YES;
				CLANG_WARN_SUSPICIOUS_MOVE = YES;
				CLANG_WARN_UNGUARDED_AVAILABILITY = YES_AGGRESSIVE;
				CLANG_WARN_UNREACHABLE_CODE = YES;
				CLANG_WARN__DUPLICATE_METHOD_MATCH = YES;
				COPY_PHASE_STRIP = NO;
				DEBUG_INFORMATION_FORMAT = "dwarf-with-dsym";
				ENABLE_NS_ASSERTIONS = NO;
				ENABLE_STRICT_OBJC_MSGSEND = YES;
				GCC_C_LANGUAGE_STANDARD = gnu11;
				GCC_NO_COMMON_BLOCKS = YES;
				GCC_WARN_64_TO_32_BIT_CONVERSION = YES;
				GCC_WARN_ABOUT_RETURN_TYPE = YES_ERROR;
				GCC_WARN_UNDECLARED_SELECTOR = YES;
				GCC_WARN_UNINITIALIZED_AUTOS = YES_AGGRESSIVE;
				GCC_WARN_UNUSED_FUNCTION = YES;
				GCC_WARN_UNUSED_VARIABLE = YES;
				IPHONEOS_DEPLOYMENT_TARGET = 16.2;
				MTL_ENABLE_DEBUG_INFO = NO;
				MTL_FAST_MATH = YES;
				SDKROOT = iphoneos;
				SWIFT_COMPILATION_MODE = wholemodule;
				SWIFT_OPTIMIZATION_LEVEL = "-O";
				VALIDATE_PRODUCT = YES;
			};
			name = Release;
		};
		270BFF0529E3A75000850009 /* Debug */ = {
			isa = XCBuildConfiguration;
			buildSettings = {
				ASSETCATALOG_COMPILER_APPICON_NAME = AppIcon;
				ASSETCATALOG_COMPILER_GLOBAL_ACCENT_COLOR_NAME = AccentColor;
				CODE_SIGN_STYLE = Automatic;
				CURRENT_PROJECT_VERSION = 1;
				GENERATE_INFOPLIST_FILE = YES;
				INFOPLIST_FILE = CommunityOfInterestApp/Info.plist;
				INFOPLIST_KEY_UIApplicationSupportsIndirectInputEvents = YES;
				INFOPLIST_KEY_UILaunchStoryboardName = LaunchScreen;
				INFOPLIST_KEY_UIMainStoryboardFile = Main;
				INFOPLIST_KEY_UISupportedInterfaceOrientations_iPad = "UIInterfaceOrientationPortrait UIInterfaceOrientationPortraitUpsideDown UIInterfaceOrientationLandscapeLeft UIInterfaceOrientationLandscapeRight";
				INFOPLIST_KEY_UISupportedInterfaceOrientations_iPhone = "UIInterfaceOrientationPortrait UIInterfaceOrientationLandscapeLeft UIInterfaceOrientationLandscapeRight";
				LD_RUNPATH_SEARCH_PATHS = (
					"$(inherited)",
					"@executable_path/Frameworks",
				);
				MARKETING_VERSION = 1.0;
				PRODUCT_BUNDLE_IDENTIFIER = com.yuxiang.CommunityOfInterestApp;
				PRODUCT_NAME = "$(TARGET_NAME)";
				SWIFT_EMIT_LOC_STRINGS = YES;
				SWIFT_VERSION = 5.0;
				TARGETED_DEVICE_FAMILY = "1,2";
			};
			name = Debug;
		};
		270BFF0629E3A75000850009 /* Release */ = {
			isa = XCBuildConfiguration;
			buildSettings = {
				ASSETCATALOG_COMPILER_APPICON_NAME = AppIcon;
				ASSETCATALOG_COMPILER_GLOBAL_ACCENT_COLOR_NAME = AccentColor;
				CODE_SIGN_STYLE = Automatic;
				CURRENT_PROJECT_VERSION = 1;
				GENERATE_INFOPLIST_FILE = YES;
				INFOPLIST_FILE = CommunityOfInterestApp/Info.plist;
				INFOPLIST_KEY_UIApplicationSupportsIndirectInputEvents = YES;
				INFOPLIST_KEY_UILaunchStoryboardName = LaunchScreen;
				INFOPLIST_KEY_UIMainStoryboardFile = Main;
				INFOPLIST_KEY_UISupportedInterfaceOrientations_iPad = "UIInterfaceOrientationPortrait UIInterfaceOrientationPortraitUpsideDown UIInterfaceOrientationLandscapeLeft UIInterfaceOrientationLandscapeRight";
				INFOPLIST_KEY_UISupportedInterfaceOrientations_iPhone = "UIInterfaceOrientationPortrait UIInterfaceOrientationLandscapeLeft UIInterfaceOrientationLandscapeRight";
				LD_RUNPATH_SEARCH_PATHS = (
					"$(inherited)",
					"@executable_path/Frameworks",
				);
				MARKETING_VERSION = 1.0;
				PRODUCT_BUNDLE_IDENTIFIER = com.yuxiang.CommunityOfInterestApp;
				PRODUCT_NAME = "$(TARGET_NAME)";
				SWIFT_EMIT_LOC_STRINGS = YES;
				SWIFT_VERSION = 5.0;
				TARGETED_DEVICE_FAMILY = "1,2";
			};
			name = Release;
		};
/* End XCBuildConfiguration section */

/* Begin XCConfigurationList section */
		270BFEEB29E3A75000850009 /* Build configuration list for PBXProject "CommunityOfInterestApp" */ = {
			isa = XCConfigurationList;
			buildConfigurations = (
				270BFF0229E3A75000850009 /* Debug */,
				270BFF0329E3A75000850009 /* Release */,
			);
			defaultConfigurationIsVisible = 0;
			defaultConfigurationName = Release;
		};
		270BFF0429E3A75000850009 /* Build configuration list for PBXNativeTarget "CommunityOfInterestApp" */ = {
			isa = XCConfigurationList;
			buildConfigurations = (
				270BFF0529E3A75000850009 /* Debug */,
				270BFF0629E3A75000850009 /* Release */,
			);
			defaultConfigurationIsVisible = 0;
			defaultConfigurationName = Release;
		};
/* End XCConfigurationList section */

/* Begin XCRemoteSwiftPackageReference section */
		276355CB29F539B7006046AA /* XCRemoteSwiftPackageReference "firebase-ios-sdk" */ = {
			isa = XCRemoteSwiftPackageReference;
			repositoryURL = "https://github.com/firebase/firebase-ios-sdk.git";
			requirement = {
				kind = upToNextMajorVersion;
				minimumVersion = 9.0.0;
			};
		};
/* End XCRemoteSwiftPackageReference section */

/* Begin XCSwiftPackageProductDependency section */
		276355CC29F539B7006046AA /* FirebaseAuth */ = {
			isa = XCSwiftPackageProductDependency;
			package = 276355CB29F539B7006046AA /* XCRemoteSwiftPackageReference "firebase-ios-sdk" */;
			productName = FirebaseAuth;
		};
		276355CE29F539B7006046AA /* FirebaseFirestore */ = {
			isa = XCSwiftPackageProductDependency;
			package = 276355CB29F539B7006046AA /* XCRemoteSwiftPackageReference "firebase-ios-sdk" */;
			productName = FirebaseFirestore;
		};
		276355D029F539B7006046AA /* FirebaseFirestoreSwift */ = {
			isa = XCSwiftPackageProductDependency;
			package = 276355CB29F539B7006046AA /* XCRemoteSwiftPackageReference "firebase-ios-sdk" */;
			productName = FirebaseFirestoreSwift;
		};
		276355D229F539B7006046AA /* FirebaseStorage */ = {
			isa = XCSwiftPackageProductDependency;
			package = 276355CB29F539B7006046AA /* XCRemoteSwiftPackageReference "firebase-ios-sdk" */;
			productName = FirebaseStorage;
		};
/* End XCSwiftPackageProductDependency section */
	};
	rootObject = 270BFEE829E3A75000850009 /* Project object */;
}
